lockfileVersion: '9.0'

settings:
  autoInstallPeers: true
  excludeLinksFromLockfile: false

importers:

  .:
    dependencies:
      '@eslint/eslintrc':
        specifier: ^3.3.1
        version: 3.3.6
      '@eslint/js':
        specifier: ^9.39.0
        version: 9.39.5
      eslint-config-tvrmsmith:
        specifier: link:../packages/eslint-config-tvrmsmith
        version: link:../packages/eslint-config-tvrmsmith

packages:

  '@eslint/eslintrc@3.3.6':
    resolution: {integrity: sha512-l2Ul9PrHsPCKcEY/ac7VgFj9D80C7S68sOKc618SyHDPK36s1XcFebXY0iTzUVn4Yq+YbwvSnDmCz9yxjX+QrA==}
    engines: {node: ^18.18.0 || ^20.9.0 || >=21.1.0}

  '@eslint/js@9.39.5':
    resolution: {integrity: sha512-QywQuszQh77pIXCsq998c8hbhSTI/azTty1Z6N53dmAudKHhy573j3yvRLsX2BSp8YpLtoCEG8E9DJe+8zUh4A==}
    engines: {node: ^18.18.0 || ^20.9.0 || >=21.1.0}

  acorn-jsx@5.3.2:
    resolution: {integrity: sha512-rq9s+JNhf0IChjtDXxllJ7g41oZk5SlXtp0LHwyA5cejwn7vKmKp4pPri6YEePv2PU65sAsegbXtIinmDFDXgQ==}
    peerDependencies:
      acorn: ^6.0.0 || ^7.0.0 || ^8.0.0

  acorn@8.18.0:
    resolution: {integrity: sha512-lGq+9yr1/GuAWaVYIHRjvvySG5/4VfKIvC8EWxStPdcDh/Ka7FG3twP6v4d5BkravUilhIAsG4Qj83t02LWUPQ==}
    engines: {node: '>=0.4.0'}
    hasBin: true

  ajv@6.15.0:
    resolution: {integrity: sha512-fgFx7Hfoq60ytK2c7DhnF8jIvzYgOMxfugjLOSMHjLIPgenqa7S7oaagATUq99mV6IYvN2tRmC0wnTYX6iPbMw==}

  argparse@2.0.1:
    resolution: {integrity: sha512-8+9WqebbFzpX9OR+Wa6O29asIogeRMzcGtAINdpMHHyAg10f05aSFVBbcEqGf/PXw1EjAZ+q2/bEBg3DvurK3Q==}

  balanced-match@1.0.2:
    resolution: {integrity: sha512-3oSeUO0TMV67hN1AmbXsK4yaqU7tjiHlbxRDZOpH0KW9+CeX4bRAaX0Anxt0tx2MrpRpWwQaPwIlISEJhYU5Pw==}

  brace-expansion@1.1.18:
    resolution: {integrity: sha512-Edep/X9fGqVNmzKBVsDYIOtD+z1tuezV70LBjdCst9Tqu76lsnvRiZ6oTic1n+/BIwX6QDGAO94PN4N2SADvtw==}

  callsites@3.1.0:
    resolution: {integrity: sha512-P8BjAsXvZS+VIDUI11hHCQEv74YT67YUi5JJFNWIqL235sBmjX4+qx9Muvls5ivyNENctx46xQLQ3aTuE7ssaQ==}
    engines: {node: '>=6'}

  concat-map@0.0.1:
    resolution: {integrity: sha512-/Srv4dswyQNBfohGpz9o6Yb3Gz3SrUDqBH5rTuhGR7ahtlbYKnVxw2bCFMRljaA7EXHaXZ8wsHdodFvbkhKmqg==}

  debug@4.4.3:
    resolution: {integrity: sha512-RGwwWnwQvkVfavKVt22FGLw+xYSdzARwm0ru6DhTVA3umU5hZc28V3kO4stgYryrTlLpuvgI9GiijltAjNbcqA==}
    engines: {node: '>=6.0'}
    peerDependencies:
      supports-color: '*'
    peerDependenciesMeta:
      supports-color:
        optional: true

  eslint-visitor-keys@4.2.1:
    resolution: {integrity: sha512-Uhdk5sfqcee/9H/rCOJikYz67o0a2Tw2hGRPOG2Y1R2dg7brRe1uG0yaNQDHu+TO/uQPF/5eCapvYSmHUjt7JQ==}
    engines: {node: ^18.18.0 || ^20.9.0 || >=21.1.0}

  espree@10.4.0:
    resolution: {integrity: sha512-j6PAQ2uUr79PZhBjP5C5fhl8e39FmRnOjsD5lGnWrFU8i2G776tBK7+nP8KuQUTTyAZUwfQqXAgrVH5MbH9CYQ==}
    engines: {node: ^18.18.0 || ^20.9.0 || >=21.1.0}

  fast-deep-equal@3.1.3:
    resolution: {integrity: sha512-f3qQ9oQy9j2AhBe/H9VC91wLmKBCCU/gDOnKNAYG5hswO7BLKj09Hc5HYNz9cGI++xlpDCIgDaitVs03ATR84Q==}

  fast-json-stable-stringify@2.1.0:
    resolution: {integrity: sha512-lhd/wF+Lk98HZoTCtlVraHtfh5XYijIjalXck7saUtuanSDyLMxnHhSXEDJqHxD7msR8D0uCmqlkwjCV8xvwHw==}

  globals@14.0.0:
    resolution: {integrity: sha512-oahGvuMGQlPw/ivIYBjVSrWAfWLBeku5tpPE2fOPLi+WHffIWbuh2tCjhyQhTBPMf5E9jDEH4FOmTYgYwbKwtQ==}
    engines: {node: '>=18'}

  ignore@5.3.2:
    resolution: {integrity: sha512-hsBTNUqQTDwkWtcdYI2i06Y/nUBEsNEDJKjWdigLvegy8kDuJAS8uRlpkkcQpyEXL0Z/pjDy5HBmMjRCJ2gq+g==}
    engines: {node: '>= 4'}

  import-fresh@3.3.1:
    resolution: {integrity: sha512-TR3KfrTZTYLPB6jUjfx6MF9WcWrHL9su5TObK4ZkYgBdWKPOFoSoQIdEuTuR82pmtxH2spWG9h6etwfr1pLBqQ==}
    engines: {node: '>=6'}

  js-yaml@4.3.1:
    resolution: {integrity: sha512-CY6crGq313MX8GkwvB7tzgp99vjQxY1++5y10/BKN/GUfHqWaOGQMNZkBvqSzsZKWk/ijwHlWzzkLulsGHhjWQ==}
    hasBin: true

  json-schema-traverse@0.4.1:
    resolution: {integrity: sha512-xbbCH5dCYU5T8LcEhhuh7HJ88HXuW3qsI3Y0zOZFKfZEHcpWiHU/Jxzk629Brsab/mMiHQti9wMP+845RPe3Vg==}

  minimatch@3.1.5:
    resolution: {integrity: sha512-VgjWUsnnT6n+NUk6eZq77zeFdpW2LWDzP6zFGrCbHXiYNul5Dzqk2HHQ5uFH2DNW5Xbp8+jVzaeNt94ssEEl4w==}

  ms@2.1.3:
    resolution: {integrity: sha512-6FlzubTLZG3J2a/NVCAleEhjzq5oxgHyaCU9yYXvcLsvoVaHJq/s5xXI6/XXP6tz7R9xAOtHnSO/tXtF3WRTlA==}

  parent-module@1.0.1:
    resolution: {integrity: sha512-GQ2EWRpQV8/o+Aw8YqtfZZPfNRWZYkbidE9k5rpl/hC3vtHHBfGm2Ifi6qWV+coDGkrUKZAxE3Lot5kcsRlh+g==}
    engines: {node: '>=6'}

  punycode@2.3.1:
    resolution: {integrity: sha512-vYt7UD1U9Wg6138shLtLOvdAu+8DsC/ilFtEVHcH+wydcSpNE20AfSOduf6MkRFahL5FY7X1oU7nKVZFtfq8Fg==}
    engines: {node: '>=6'}

  resolve-from@4.0.0:
    resolution: {integrity: sha512-pb/MYmXstAkysRFx8piNI1tGFNQIFA3vkE3Gq4EuA1dF6gHp/+vgZqsCGJapvy8N3Q+4o7FwvquPJcnZ7RYy4g==}
    engines: {node: '>=4'}

  strip-json-comments@3.1.1:
    resolution: {integrity: sha512-6fPc+R4ihwqP6N/aIv2f1gMH8lOVtWQHoqC4yK6oSDVVocumAsfCqjkXnqiYMhmMwS/mEHLp7Vehlt3ql6lEig==}
    engines: {node: '>=8'}

  uri-js@4.4.1:
    resolution: {integrity: sha512-7rKUyy33Q1yc98pQ1DAmLtwX109F7TIfWlW1Ydo8Wl1ii1SeHieeh0HHfPeL2fMXK6z0s8ecKs9frCuLJvndBg==}

snapshots:

  '@eslint/eslintrc@3.3.6':
    dependencies:
      ajv: 6.15.0
      debug: 4.4.3
      espree: 10.4.0
      globals: 14.0.0
      ignore: 5.3.2
      import-fresh: 3.3.1
      js-yaml: 4.3.1
      minimatch: 3.1.5
      strip-json-comments: 3.1.1
    transitivePeerDependencies:
      - supports-color

  '@eslint/js@9.39.5': {}

  acorn-jsx@5.3.2(acorn@8.18.0):
    dependencies:
      acorn: 8.18.0

  acorn@8.18.0: {}

  ajv@6.15.0:
    dependencies:
      fast-deep-equal: 3.1.3
      fast-json-stable-stringify: 2.1.0
      json-schema-traverse: 0.4.1
      uri-js: 4.4.1

  argparse@2.0.1: {}

  balanced-match@1.0.2: {}

  brace-expansion@1.1.18:
    dependencies:
      balanced-match: 1.0.2
      concat-map: 0.0.1

  callsites@3.1.0: {}

  concat-map@0.0.1: {}

  debug@4.4.3:
    dependencies:
      ms: 2.1.3

  eslint-visitor-keys@4.2.1: {}

  espree@10.4.0:
    dependencies:
      acorn: 8.18.0
      acorn-jsx: 5.3.2(acorn@8.18.0)
      eslint-visitor-keys: 4.2.1

  fast-deep-equal@3.1.3: {}

  fast-json-stable-stringify@2.1.0: {}

  globals@14.0.0: {}

  ignore@5.3.2: {}

  import-fresh@3.3.1:
    dependencies:
      parent-module: 1.0.1
      resolve-from: 4.0.0

  js-yaml@4.3.1:
    dependencies:
      argparse: 2.0.1

  json-schema-traverse@0.4.1: {}

  minimatch@3.1.5:
    dependencies:
      brace-expansion: 1.1.18

  ms@2.1.3: {}

  parent-module@1.0.1:
    dependencies:
      callsites: 3.1.0

  punycode@2.3.1: {}

  resolve-from@4.0.0: {}

  strip-json-comments@3.1.1: {}

  uri-js@4.4.1:
    dependencies:
      punycode: 2.3.1
